// !$*UTF8*$!
{
	archiveVersion = 1;
	classes = {
	};
	objectVersion = 46;
	objects = {

/* Begin PBXBuildFile section */
		AAB233031A1A267F00F13AD6 /* AppDelegate.swift in Sources */ = {isa = PBXBuildFile; fileRef = AAB233021A1A267F00F13AD6 /* AppDelegate.swift */; };
		AAB233051A1A267F00F13AD6 /* ViewController.swift in Sources */ = {isa = PBXBuildFile; fileRef = AAB233041A1A267F00F13AD6 /* ViewController.swift */; };
		AAB233081A1A267F00F13AD6 /* Main.storyboard in Resources */ = {isa = PBXBuildFile; fileRef = AAB233061A1A267F00F13AD6 /* Main.storyboard */; };
		AAB2330A1A1A267F00F13AD6 /* Images.xcassets in Resources */ = {isa = PBXBuildFile; fileRef = AAB233091A1A267F00F13AD6 /* Images.xcassets */; };
		AAB2330D1A1A267F00F13AD6 /* LaunchScreen.xib in Resources */ = {isa = PBXBuildFile; fileRef = AAB2330B1A1A267F00F13AD6 /* LaunchScreen.xib */; };
		AAB233191A1A267F00F13AD6 /* PostcardTests.swift in Sources */ = {isa = PBXBuildFile; fileRef = AAB233181A1A267F00F13AD6 /* PostcardTests.swift */; };
		AAB233241A1A2DE000F13AD6 /* AlbertEinsteinStamp.jpg in Resources */ = {isa = PBXBuildFile; fileRef = AAB233221A1A2DE000F13AD6 /* AlbertEinsteinStamp.jpg */; };
		AAB233251A1A2DE000F13AD6 /* SagradaFamilia.jpeg in Resources */ = {isa = PBXBuildFile; fileRef = AAB233231A1A2DE000F13AD6 /* SagradaFamilia.jpeg */; };
/* End PBXBuildFile section */

/* Begin PBXContainerItemProxy section */
		AAB233131A1A267F00F13AD6 /* PBXContainerItemProxy */ = {
			isa = PBXContainerItemProxy;
			containerPortal = AAB232F51A1A267F00F13AD6 /* Project object */;
			proxyType = 1;
			remoteGlobalIDString = AAB232FC1A1A267F00F13AD6;
			remoteInfo = Postcard;
		};
/* End PBXContainerItemProxy section */

/* Begin PBXFileReference section */
		AAB232FD1A1A267F00F13AD6 /* Postcard.app */ = {isa = PBXFileReference; explicitFileType = wrapper.application; includeInIndex = 0; path = Postcard.app; sourceTree = BUILT_PRODUCTS_DIR; };
		AAB233011A1A267F00F13AD6 /* Info.plist */ = {isa = PBXFileReference; lastKnownFileType = text.plist.xml; path = Info.plist; sourceTree = "<group>"; };
		AAB233021A1A267F00F13AD6 /* AppDelegate.swift */ = {isa = PBXFileReference; lastKnownFileType = sourcecode.swift; path = AppDelegate.swift; sourceTree = "<group>"; };
		AAB233041A1A267F00F13AD6 /* ViewController.swift */ = {isa = PBXFileReference; lastKnownFileType = sourcecode.swift; path = ViewController.swift; sourceTree = "<group>"; };
		AAB233071A1A267F00F13AD6 /* Base */ = {isa = PBXFileReference; lastKnownFileType = file.storyboard; name = Base; path = Base.lproj/Main.storyboard; sourceTree = "<group>"; };
		AAB233091A1A267F00F13AD6 /* Images.xcassets */ = {isa = PBXFileReference; lastKnownFileType = folder.assetcatalog; path = Images.xcassets; sourceTree = "<group>"; };
		AAB2330C1A1A267F00F13AD6 /* Base */ = {isa = PBXFileReference; lastKnownFileType = file.xib; name = Base; path = Base.lproj/LaunchScreen.xib; sourceTree = "<group>"; };
		AAB233121A1A267F00F13AD6 /* PostcardTests.xctest */ = {isa = PBXFileReference; explicitFileType = wrapper.cfbundle; includeInIndex = 0; path = PostcardTests.xctest; sourceTree = BUILT_PRODUCTS_DIR; };
		AAB233171A1A267F00F13AD6 /* Info.plist */ = {isa = PBXFileReference; lastKnownFileType = text.plist.xml; path = Info.plist; sourceTree = "<group>"; };
		AAB233181A1A267F00F13AD6 /* PostcardTests.swift */ = {isa = PBXFileReference; lastKnownFileType = sourcecode.swift; path = PostcardTests.swift; sourceTree = "<group>"; };
		AAB233221A1A2DE000F13AD6 /* AlbertEinsteinStamp.jpg */ = {isa = PBXFileReference; lastKnownFileType = image.jpeg; path = AlbertEinsteinStamp.jpg; sourceTree = "<group>"; };
		AAB233231A1A2DE000F13AD6 /* SagradaFamilia.jpeg */ = {isa = PBXFileReference; lastKnownFileType = image.jpeg; path = SagradaFamilia.jpeg; sourceTree = "<group>"; };
/* End PBXFileReference section */

/* Begin PBXFrameworksBuildPhase section */
		AAB232FA1A1A267F00F13AD6 /* Frameworks */ = {
			isa = PBXFrameworksBuildPhase;
			buildActionMask = 2147483647;
			files = (
			);
			runOnlyForDeploymentPostprocessing = 0;
		};
		AAB2330F1A1A267F00F13AD6 /* Frameworks */ = {
			isa = PBXFrameworksBuildPhase;
			buildActionMask = 2147483647;
			files = (
			);
			runOnlyForDeploymentPostprocessing = 0;
		};
/* End PBXFrameworksBuildPhase section */

/* Begin PBXGroup section */
		AAB232F41A1A267F00F13AD6 = {
			isa = PBXGroup;
			children = (
				AAB232FF1A1A267F00F13AD6 /* Postcard */,
				AAB233151A1A267F00F13AD6 /* PostcardTests */,
				AAB232FE1A1A267F00F13AD6 /* Products */,
			);
			sourceTree = "<group>";
		};
		AAB232FE1A1A267F00F13AD6 /* Products */ = {
			isa = PBXGroup;
			children = (
				AAB232FD1A1A267F00F13AD6 /* Postcard.app */,
				AAB233121A1A267F00F13AD6 /* PostcardTests.xctest */,
			);
			name = Products;
			sourceTree = "<group>";
		};
		AAB232FF1A1A267F00F13AD6 /* Postcard */ = {
			isa = PBXGroup;
			children = (
				AAB233021A1A267F00F13AD6 /* AppDelegate.swift */,
				AAB233041A1A267F00F13AD6 /* ViewController.swift */,
				AAB233061A1A267F00F13AD6 /* Main.storyboard */,
				AAB233091A1A267F00F13AD6 /* Images.xcassets */,
				AAB2330B1A1A267F00F13AD6 /* LaunchScreen.xib */,
				AAB233001A1A267F00F13AD6 /* Supporting Files */,
			);
			path = Postcard;
			sourceTree = "<group>";
		};
		AAB233001A1A267F00F13AD6 /* Supporting Files */ = {
			isa = PBXGroup;
			children = (
				AAB233221A1A2DE000F13AD6 /* AlbertEinsteinStamp.jpg */,
				AAB233231A1A2DE000F13AD6 /* SagradaFamilia.jpeg */,
				AAB233011A1A267F00F13AD6 /* Info.plist */,
			);
			name = "Supporting Files";
			sourceTree = "<group>";
		};
		AAB233151A1A267F00F13AD6 /* PostcardTests */ = {
			isa = PBXGroup;
			children = (
				AAB233181A1A267F00F13AD6 /* PostcardTests.swift */,
				AAB233161A1A267F00F13AD6 /* Supporting Files */,
			);
			path = PostcardTests;
			sourceTree = "<group>";
		};
		AAB233161A1A267F00F13AD6 /* Supporting Files */ = {
			isa = PBXGroup;
			children = (
				AAB233171A1A267F00F13AD6 /* Info.plist */,
			);
			name = "Supporting Files";
			sourceTree = "<group>";
		};
/* End PBXGroup section */

/* Begin PBXNativeTarget section */
		AAB232FC1A1A267F00F13AD6 /* Postcard */ = {
			isa = PBXNativeTarget;
			buildConfigurationList = AAB2331C1A1A267F00F13AD6 /* Build configuration list for PBXNativeTarget "Postcard" */;
			buildPhases = (
				AAB232F91A1A267F00F13AD6 /* Sources */,
				AAB232FA1A1A267F00F13AD6 /* Frameworks */,
				AAB232FB1A1A267F00F13AD6 /* Resources */,
			);
			buildRules = (
			);
			dependencies = (
			);
			name = Postcard;
			productName = Postcard;
			productReference = AAB232FD1A1A267F00F13AD6 /* Postcard.app */;
			productType = "com.apple.product-type.application";
		};
		AAB233111A1A267F00F13AD6 /* PostcardTests */ = {
			isa = PBXNativeTarget;
			buildConfigurationList = AAB2331F1A1A267F00F13AD6 /* Build configuration list for PBXNativeTarget "PostcardTests" */;
			buildPhases = (
				AAB2330E1A1A267F00F13AD6 /* Sources */,
				AAB2330F1A1A267F00F13AD6 /* Frameworks */,
				AAB233101A1A267F00F13AD6 /* Resources */,
			);
			buildRules = (
			);
			dependencies = (
				AAB233141A1A267F00F13AD6 /* PBXTargetDependency */,
			);
			name = PostcardTests;
			productName = PostcardTests;
			productReference = AAB233121A1A267F00F13AD6 /* PostcardTests.xctest */;
			productType = "com.apple.product-type.bundle.unit-test";
		};
/* End PBXNativeTarget section */

/* Begin PBXProject section */
		AAB232F51A1A267F00F13AD6 /* Project object */ = {
			isa = PBXProject;
			attributes = {
				LastUpgradeCheck = 0610;
				ORGANIZATIONNAME = Christian;
				TargetAttributes = {
					AAB232FC1A1A267F00F13AD6 = {
						CreatedOnToolsVersion = 6.1;
					};
					AAB233111A1A267F00F13AD6 = {
						CreatedOnToolsVersion = 6.1;
						TestTargetID = AAB232FC1A1A267F00F13AD6;
					};
				};
			};
			buildConfigurationList = AAB232F81A1A267F00F13AD6 /* Build configuration list for PBXProject "Postcard" */;
			compatibilityVersion = "Xcode 3.2";
			developmentRegion = English;
			hasScannedForEncodings = 0;
			knownRegions = (
				en,
				Base,
			);
			mainGroup = AAB232F41A1A267F00F13AD6;
			productRefGroup = AAB232FE1A1A267F00F13AD6 /* Products */;
			projectDirPath = "";
			projectRoot = "";
			targets = (
				AAB232FC1A1A267F00F13AD6 /* Postcard */,
				AAB233111A1A267F00F13AD6 /* PostcardTests */,
			);
		};
/* End PBXProject section */

/* Begin PBXResourcesBuildPhase section */
		AAB232FB1A1A267F00F13AD6 /* Resources */ = {
			isa = PBXResourcesBuildPhase;
			buildActionMask = 2147483647;
			files = (
				AAB233241A1A2DE000F13AD6 /* AlbertEinsteinStamp.jpg in Resources */,
				AAB233081A1A267F00F13AD6 /* Main.storyboard in Resources */,
				AAB2330D1A1A267F00F13AD6 /* LaunchScreen.xib in Resources */,
				AAB2330A1A1A267F00F13AD6 /* Images.xcassets in Resources */,
				AAB233251A1A2DE000F13AD6 /* SagradaFamilia.jpeg in Resources */,
			);
			runOnlyForDeploymentPostprocessing = 0;
		};
		AAB233101A1A267F00F13AD6 /* Resources */ = {
			isa = PBXResourcesBuildPhase;
			buildActionMask = 2147483647;
			files = (
			);
			runOnlyForDeploymentPostprocessing = 0;
		};
/* End PBXResourcesBuildPhase section */

/* Begin PBXSourcesBuildPhase section */
		AAB232F91A1A267F00F13AD6 /* Sources */ = {
			isa = PBXSourcesBuildPhase;
			buildActionMask = 2147483647;
			files = (
				AAB233051A1A267F00F13AD6 /* ViewController.swift in Sources */,
				AAB233031A1A267F00F13AD6 /* AppDelegate.swift in Sources */,
			);
			runOnlyForDeploymentPostprocessing = 0;
		};
		AAB2330E1A1A267F00F13AD6 /* Sources */ = {
			isa = PBXSourcesBuildPhase;
			buildActionMask = 2147483647;
			files = (
				AAB233191A1A267F00F13AD6 /* PostcardTests.swift in Sources */,
			);
			runOnlyForDeploymentPostprocessing = 0;
		};
/* End PBXSourcesBuildPhase section */

/* Begin PBXTargetDependency section */
		AAB233141A1A267F00F13AD6 /* PBXTargetDependency */ = {
			isa = PBXTargetDependency;
			target = AAB232FC1A1A267F00F13AD6 /* Postcard */;
			targetProxy = AAB233131A1A267F00F13AD6 /* PBXContainerItemProxy */;
		};
/* End PBXTargetDependency section */

/* Begin PBXVariantGroup section */
		AAB233061A1A267F00F13AD6 /* Main.storyboard */ = {
			isa = PBXVariantGroup;
			children = (
				AAB233071A1A267F00F13AD6 /* Base */,
			);
			name = Main.storyboard;
			sourceTree = "<group>";
		};
		AAB2330B1A1A267F00F13AD6 /* LaunchScreen.xib */ = {
			isa = PBXVariantGroup;
			children = (
				AAB2330C1A1A267F00F13AD6 /* Base */,
			);
			name = LaunchScreen.xib;
			sourceTree = "<group>";
		};
/* End PBXVariantGroup section */

/* Begin XCBuildConfiguration section */
		AAB2331A1A1A267F00F13AD6 /* Debug */ = {
			isa = XCBuildConfiguration;
			buildSettings = {
				ALWAYS_SEARCH_USER_PATHS = NO;
				CLANG_CXX_LANGUAGE_STANDARD = "gnu++0x";
				CLANG_CXX_LIBRARY = "libc++";
				CLANG_ENABLE_MODULES = YES;
				CLANG_ENABLE_OBJC_ARC = YES;
				CLANG_WARN_BOOL_CONVERSION = YES;
				CLANG_WARN_CONSTANT_CONVERSION = YES;
				CLANG_WARN_DIRECT_OBJC_ISA_USAGE = YES_ERROR;
				CLANG_WARN_EMPTY_BODY = YES;
				CLANG_WARN_ENUM_CONVERSION = YES;
				CLANG_WARN_INT_CONVERSION = YES;
				CLANG_WARN_OBJC_ROOT_CLASS = YES_ERROR;
				CLANG_WARN_UNREACHABLE_CODE = YES;
				CLANG_WARN__DUPLICATE_METHOD_MATCH = YES;
				"CODE_SIGN_IDENTITY[sdk=iphoneos*]" = "iPhone Developer";
				COPY_PHASE_STRIP = NO;
				ENABLE_STRICT_OBJC_MSGSEND = YES;
				GCC_C_LANGUAGE_STANDARD = gnu99;
				GCC_DYNAMIC_NO_PIC = NO;
				GCC_OPTIMIZATION_LEVEL = 0;
				GCC_PREPROCESSOR_DEFINITIONS = (
					"DEBUG=1",
					"$(inherited)",
				);
				GCC_SYMBOLS_PRIVATE_EXTERN = NO;
				GCC_WARN_64_TO_32_BIT_CONVERSION = YES;
				GCC_WARN_ABOUT_RETURN_TYPE = YES_ERROR;
				GCC_WARN_UNDECLARED_SELECTOR = YES;
				GCC_WARN_UNINITIALIZED_AUTOS = YES_AGGRESSIVE;
				GCC_WARN_UNUSED_FUNCTION = YES;
				GCC_WARN_UNUSED_VARIABLE = YES;
				IPHONEOS_DEPLOYMENT_TARGET = 8.1;
				MTL_ENABLE_DEBUG_INFO = YES;
				ONLY_ACTIVE_ARCH = YES;
				SDKROOT = iphoneos;
				SWIFT_OPTIMIZATION_LEVEL = "-Onone";
				TARGETED_DEVICE_FAMILY = "1,2";
			};
			name = Debug;
		};
		AAB2331B1A1A267F00F13AD6 /* Release */ = {
			isa = XCBuildConfiguration;
			buildSettings = {
				ALWAYS_SEARCH_USER_PATHS = NO;
				CLANG_CXX_LANGUAGE_STANDARD = "gnu++0x";
				CLANG_CXX_LIBRARY = "libc++";
				CLANG_ENABLE_MODULES = YES;
				CLANG_ENABLE_OBJC_ARC = YES;
				CLANG_WARN_BOOL_CONVERSION = YES;
				CLANG_WARN_CONSTANT_CONVERSION = YES;
				CLANG_WARN_DIRECT_OBJC_ISA_USAGE = YES_ERROR;
				CLANG_WARN_EMPTY_BODY = YES;
				CLANG_WARN_ENUM_CONVERSION = YES;
				CLANG_WARN_INT_CONVERSION = YES;
				CLANG_WARN_OBJC_ROOT_CLASS = YES_ERROR;
				CLANG_WARN_UNREACHABLE_CODE = YES;
				CLANG_WARN__DUPLICATE_METHOD_MATCH = YES;
				"CODE_SIGN_IDENTITY[sdk=iphoneos*]" = "iPhone Developer";
				COPY_PHASE_STRIP = YES;
				ENABLE_NS_ASSERTIONS = NO;
				ENABLE_STRICT_OBJC_MSGSEND = YES;
				GCC_C_LANGUAGE_STANDARD = gnu99;
				GCC_WARN_64_TO_32_BIT_CONVERSION = YES;
				GCC_WARN_ABOUT_RETURN_TYPE = YES_ERROR;
				GCC_WARN_UNDECLARED_SELECTOR = YES;
				GCC_WARN_UNINITIALIZED_AUTOS = YES_AGGRESSIVE;
				GCC_WARN_UNUSED_FUNCTION = YES;
				GCC_WARN_UNUSED_VARIABLE = YES;
				IPHONEOS_DEPLOYMENT_TARGET = 8.1;
				MTL_ENABLE_DEBUG_INFO = NO;
				SDKROOT = iphoneos;
				TARGETED_DEVICE_FAMILY = "1,2";
				VALIDATE_PRODUCT = YES;
			};
			name = Release;
		};
		AAB2331D1A1A267F00F13AD6 /* Debug */ = {
			isa = XCBuildConfiguration;
			buildSettings = {
				ASSETCATALOG_COMPILER_APPICON_NAME = AppIcon;
				INFOPLIST_FILE = Postcard/Info.plist;
				LD_RUNPATH_SEARCH_PATHS = "$(inherited) @executable_path/Frameworks";
				PRODUCT_NAME = "$(TARGET_NAME)";
			};
			name = Debug;
		};
		AAB2331E1A1A267F00F13AD6 /* Release */ = {
			isa = XCBuildConfiguration;
			buildSettings = {
				ASSETCATALOG_COMPILER_APPICON_NAME = AppIcon;
				INFOPLIST_FILE = Postcard/Info.plist;
				LD_RUNPATH_SEARCH_PATHS = "$(inherited) @executable_path/Frameworks";
				PRODUCT_NAME = "$(TARGET_NAME)";
			};
			name = Release;
		};
		AAB233201A1A267F00F13AD6 /* Debug */ = {
			isa = XCBuildConfiguration;
			buildSettings = {
				BUNDLE_LOADER = "$(TEST_HOST)";
				FRAMEWORK_SEARCH_PATHS = (
					"$(SDKROOT)/Developer/Library/Frameworks",
					"$(inherited)",
				);
				GCC_PREPROCESSOR_DEFINITIONS = (
					"DEBUG=1",
					"$(inherited)",
				);
				INFOPLIST_FILE = PostcardTests/Info.plist;
				LD_RUNPATH_SEARCH_PATHS = "$(inherited) @executable_path/Frameworks @loader_path/Frameworks";
				PRODUCT_NAME = "$(TARGET_NAME)";
				TEST_HOST = "$(BUILT_PRODUCTS_DIR)/Postcard.app/Postcard";
			};
			name = Debug;
		};
		AAB233211A1A267F00F13AD6 /* Release */ = {
			isa = XCBuildConfiguration;
			buildSettings = {
				BUNDLE_LOADER = "$(TEST_HOST)";
				FRAMEWORK_SEARCH_PATHS = (
					"$(SDKROOT)/Developer/Library/Frameworks",
					"$(inherited)",
				);
				INFOPLIST_FILE = PostcardTests/Info.plist;
				LD_RUNPATH_SEARCH_PATHS = "$(inherited) @executable_path/Frameworks @loader_path/Frameworks";
				PRODUCT_NAME = "$(TARGET_NAME)";
				TEST_HOST = "$(BUILT_PRODUCTS_DIR)/Postcard.app/Postcard";
			};
			name = Release;
		};
/* End XCBuildConfiguration section */

/* Begin XCConfigurationList section */
		AAB232F81A1A267F00F13AD6 /* Build configuration list for PBXProject "Postcard" */ = {
			isa = XCConfigurationList;
			buildConfigurations = (
				AAB2331A1A1A267F00F13AD6 /* Debug */,
				AAB2331B1A1A267F00F13AD6 /* Release */,
			);
			defaultConfigurationIsVisible = 0;
			defaultConfigurationName = Release;
		};
		AAB2331C1A1A267F00F13AD6 /* Build configuration list for PBXNativeTarget "Postcard" */ = {
			isa = XCConfigurationList;
			buildConfigurations = (
				AAB2331D1A1A267F00F13AD6 /* Debug */,
				AAB2331E1A1A267F00F13AD6 /* Release */,
			);
			defaultConfigurationIsVisible = 0;
		};
		AAB2331F1A1A267F00F13AD6 /* Build configuration list for PBXNativeTarget "PostcardTests" */ = {
			isa = XCConfigurationList;
			buildConfigurations = (
				AAB233201A1A267F00F13AD6 /* Debug */,
				AAB233211A1A267F00F13AD6 /* Release */,
			);
			defaultConfigurationIsVisible = 0;
		};
/* End XCConfigurationList section */
	};
	rootObject = AAB232F51A1A267F00F13AD6 /* Project object */;
}
